
Microsoft Visual Studio Solution File, Format Version 12.00
# Visual Studio 14
VisualStudioVersion = 14.0.25420.1
MinimumVisualStudioVersion = 10.0.40219.1
Project("{2150E333-8FDC-42A3-9474-1A3956D46DE8}") = "Solution Items", "Solution Items", "{9E7BFCCA-4D5B-4459-91F3-97E6C040292C}"
EndProject
Project("{FAE04EC0-301F-11D3-BF4B-00C04F79EFBC}") = "CoCarClient", "CoCarClient\CoCarClient.csproj", "{D3760025-103E-40D4-AF21-9E2F192A94F7}"
EndProject
Project("{8BC9CEB8-8B4A-11D0-8D11-00A0C91BC942}") = "CoCarClient1", "CoCarClient1\CoCarClient1.vcxproj", "{9C7979C0-0EE1-441D-A7F9-A13B5DFF3583}"
EndProject
Project("{8BC9CEB8-8B4A-11D0-8D11-00A0C91BC942}") = "COM", "COM\COM.vcxproj", "{29291A2B-B54C-46C3-A265-B763DA542182}"
EndProject
Global
	GlobalSection(SolutionConfigurationPlatforms) = preSolution
		Debug|Any CPU = Debug|Any CPU
		Debug|x64 = Debug|x64
		Debug|x86 = Debug|x86
		Release|Any CPU = Release|Any CPU
		Release|x64 = Release|x64
		Release|x86 = Release|x86
	EndGlobalSection
	GlobalSection(ProjectConfigurationPlatforms) = postSolution
		{D3760025-103E-40D4-AF21-9E2F192A94F7}.Debug|Any CPU.ActiveCfg = Debug|Any CPU
		{D3760025-103E-40D4-AF21-9E2F192A94F7}.Debug|Any CPU.Build.0 = Debug|Any CPU
		{D3760025-103E-40D4-AF21-9E2F192A94F7}.Debug|x64.ActiveCfg = Debug|Any CPU
		{D3760025-103E-40D4-AF21-9E2F192A94F7}.Debug|x64.Build.0 = Debug|Any CPU
		{D3760025-103E-40D4-AF21-9E2F192A94F7}.Debug|x86.ActiveCfg = Debug|Any CPU
		{D3760025-103E-40D4-AF21-9E2F192A94F7}.Debug|x86.Build.0 = Debug|Any CPU
		{D3760025-103E-40D4-AF21-9E2F192A94F7}.Release|Any CPU.ActiveCfg = Release|Any CPU
		{D3760025-103E-40D4-AF21-9E2F192A94F7}.Release|Any CPU.Build.0 = Release|Any CPU
		{D3760025-103E-40D4-AF21-9E2F192A94F7}.Release|x64.ActiveCfg = Release|Any CPU
		{D3760025-103E-40D4-AF21-9E2F192A94F7}.Release|x64.Build.0 = Release|Any CPU
		{D3760025-103E-40D4-AF21-9E2F192A94F7}.Release|x86.ActiveCfg = Release|Any CPU
		{D3760025-103E-40D4-AF21-9E2F192A94F7}.Release|x86.Build.0 = Release|Any CPU
		{9C7979C0-0EE1-441D-A7F9-A13B5DFF3583}.Debug|Any CPU.ActiveCfg = Debug|Win32
		{9C7979C0-0EE1-441D-A7F9-A13B5DFF3583}.Debug|x64.ActiveCfg = Debug|x64
		{9C7979C0-0EE1-441D-A7F9-A13B5DFF3583}.Debug|x64.Build.0 = Debug|x64
		{9C7979C0-0EE1-441D-A7F9-A13B5DFF3583}.Debug|x86.ActiveCfg = Debug|Win32
		{9C7979C0-0EE1-441D-A7F9-A13B5DFF3583}.Debug|x86.Build.0 = Debug|Win32
		{9C7979C0-0EE1-441D-A7F9-A13B5DFF3583}.Release|Any CPU.ActiveCfg = Release|Win32
		{9C7979C0-0EE1-441D-A7F9-A13B5DFF3583}.Release|x64.ActiveCfg = Release|x64
		{9C7979C0-0EE1-441D-A7F9-A13B5DFF3583}.Release|x64.Build.0 = Release|x64
		{9C7979C0-0EE1-441D-A7F9-A13B5DFF3583}.Release|x86.ActiveCfg = Release|Win32
		{9C7979C0-0EE1-441D-A7F9-A13B5DFF3583}.Release|x86.Build.0 = Release|Win32
		{29291A2B-B54C-46C3-A265-B763DA542182}.Debug|Any CPU.ActiveCfg = Debug|Win32
		{29291A2B-B54C-46C3-A265-B763DA542182}.Debug|x64.ActiveCfg = Debug|x64
		{29291A2B-B54C-46C3-A265-B763DA542182}.Debug|x64.Build.0 = Debug|x64
		{29291A2B-B54C-46C3-A265-B763DA542182}.Debug|x86.ActiveCfg = Debug|Win32
		{29291A2B-B54C-46C3-A265-B763DA542182}.Debug|x86.Build.0 = Debug|Win32
		{29291A2B-B54C-46C3-A265-B763DA542182}.Release|Any CPU.ActiveCfg = Release|Win32
		{29291A2B-B54C-46C3-A265-B763DA542182}.Release|x64.ActiveCfg = Release|x64
		{29291A2B-B54C-46C3-A265-B763DA542182}.Release|x64.Build.0 = Release|x64
		{29291A2B-B54C-46C3-A265-B763DA542182}.Release|x86.ActiveCfg = Release|Win32
		{29291A2B-B54C-46C3-A265-B763DA542182}.Release|x86.Build.0 = Release|Win32
	EndGlobalSection
	GlobalSection(SolutionProperties) = preSolution
		HideSolutionNode = FALSE
	EndGlobalSection
EndGlobal
